
Microsoft Visual Studio Solution File, Format Version 12.00
# Visual Studio 15
VisualStudioVersion = 15.0.27130.2010
MinimumVisualStudioVersion = 10.0.40219.1
Project("{F184B08F-C81C-45F6-A57F-5ABD9991F28F}") = "WorkSpace", "WorkSpace\WorkSpace.vbproj", "{CD8E53D2-B177-494B-AE08-1CEEF98E43D7}"
EndProject
Project("{F184B08F-C81C-45F6-A57F-5ABD9991F28F}") = "Generic", "Generic\Generic.vbproj", "{4BFF8AB8-EAA1-4277-97BB-AF15EE210A5E}"
EndProject
Project("{F184B08F-C81C-45F6-A57F-5ABD9991F28F}") = "Acceso_Datos", "Utility\Acceso_Datos.vbproj", "{40CBFA80-D6EB-4572-AC76-11CBD88F1C22}"
EndProject
Project("{FAE04EC0-301F-11D3-BF4B-00C04F79EFBC}") = "Error_Handling", "Error_Handling\Error_Handling.csproj", "{3CC942D9-C0F3-4960-87C6-84DACE4AFE42}"
EndProject
Project("{F184B08F-C81C-45F6-A57F-5ABD9991F28F}") = "Encryptor", "Encryptor\Encryptor.vbproj", "{F675165D-4A32-4EE5-BF65-EEB144CB8BE0}"
EndProject
Global
	GlobalSection(SolutionConfigurationPlatforms) = preSolution
		Debug|Any CPU = Debug|Any CPU
		Release|Any CPU = Release|Any CPU
	EndGlobalSection
	GlobalSection(ProjectConfigurationPlatforms) = postSolution
		{CD8E53D2-B177-494B-AE08-1CEEF98E43D7}.Debug|Any CPU.ActiveCfg = Debug|Any CPU
		{CD8E53D2-B177-494B-AE08-1CEEF98E43D7}.Debug|Any CPU.Build.0 = Debug|Any CPU
		{CD8E53D2-B177-494B-AE08-1CEEF98E43D7}.Release|Any CPU.ActiveCfg = Release|Any CPU
		{CD8E53D2-B177-494B-AE08-1CEEF98E43D7}.Release|Any CPU.Build.0 = Release|Any CPU
		{4BFF8AB8-EAA1-4277-97BB-AF15EE210A5E}.Debug|Any CPU.ActiveCfg = Debug|Any CPU
		{4BFF8AB8-EAA1-4277-97BB-AF15EE210A5E}.Debug|Any CPU.Build.0 = Debug|Any CPU
		{4BFF8AB8-EAA1-4277-97BB-AF15EE210A5E}.Release|Any CPU.ActiveCfg = Release|Any CPU
		{4BFF8AB8-EAA1-4277-97BB-AF15EE210A5E}.Release|Any CPU.Build.0 = Release|Any CPU
		{40CBFA80-D6EB-4572-AC76-11CBD88F1C22}.Debug|Any CPU.ActiveCfg = Debug|Any CPU
		{40CBFA80-D6EB-4572-AC76-11CBD88F1C22}.Debug|Any CPU.Build.0 = Debug|Any CPU
		{40CBFA80-D6EB-4572-AC76-11CBD88F1C22}.Release|Any CPU.ActiveCfg = Release|Any CPU
		{40CBFA80-D6EB-4572-AC76-11CBD88F1C22}.Release|Any CPU.Build.0 = Release|Any CPU
		{3CC942D9-C0F3-4960-87C6-84DACE4AFE42}.Debug|Any CPU.ActiveCfg = Debug|Any CPU
		{3CC942D9-C0F3-4960-87C6-84DACE4AFE42}.Debug|Any CPU.Build.0 = Debug|Any CPU
		{3CC942D9-C0F3-4960-87C6-84DACE4AFE42}.Release|Any CPU.ActiveCfg = Release|Any CPU
		{3CC942D9-C0F3-4960-87C6-84DACE4AFE42}.Release|Any CPU.Build.0 = Release|Any CPU
		{F675165D-4A32-4EE5-BF65-EEB144CB8BE0}.Debug|Any CPU.ActiveCfg = Debug|Any CPU
		{F675165D-4A32-4EE5-BF65-EEB144CB8BE0}.Debug|Any CPU.Build.0 = Debug|Any CPU
		{F675165D-4A32-4EE5-BF65-EEB144CB8BE0}.Release|Any CPU.ActiveCfg = Release|Any CPU
		{F675165D-4A32-4EE5-BF65-EEB144CB8BE0}.Release|Any CPU.Build.0 = Release|Any CPU
	EndGlobalSection
	GlobalSection(SolutionProperties) = preSolution
		HideSolutionNode = FALSE
	EndGlobalSection
	GlobalSection(ExtensibilityGlobals) = postSolution
		SolutionGuid = {AD3676E0-E323-451D-810C-0BBDBD713114}
	EndGlobalSection
EndGlobal
